
Microsoft Visual Studio Solution File, Format Version 12.00
# Visual Studio 14
VisualStudioVersion = 14.0.25420.1
MinimumVisualStudioVersion = 10.0.40219.1
Project("{FAE04EC0-301F-11D3-BF4B-00C04F79EFBC}") = "ProjetGestion", "ProjetGestion\ProjetGestion.csproj", "{3549AA11-73F0-4A7B-96C7-6C208E8C4C94}"
EndProject
Project("{FAE04EC0-301F-11D3-BF4B-00C04F79EFBC}") = "ProjetGestionRestApi", "ProjetGestionRestApi\ProjetGestionRestApi.csproj", "{0C6FB1C3-A194-410A-B8C8-679DA50A4602}"
EndProject
Global
	GlobalSection(SolutionConfigurationPlatforms) = preSolution
		Debug|Any CPU = Debug|Any CPU
		Release|Any CPU = Release|Any CPU
	EndGlobalSection
	GlobalSection(ProjectConfigurationPlatforms) = postSolution
		{3549AA11-73F0-4A7B-96C7-6C208E8C4C94}.Debug|Any CPU.ActiveCfg = Debug|Any CPU
		{3549AA11-73F0-4A7B-96C7-6C208E8C4C94}.Debug|Any CPU.Build.0 = Debug|Any CPU
		{3549AA11-73F0-4A7B-96C7-6C208E8C4C94}.Release|Any CPU.ActiveCfg = Release|Any CPU
		{3549AA11-73F0-4A7B-96C7-6C208E8C4C94}.Release|Any CPU.Build.0 = Release|Any CPU
		{0C6FB1C3-A194-410A-B8C8-679DA50A4602}.Debug|Any CPU.ActiveCfg = Debug|Any CPU
		{0C6FB1C3-A194-410A-B8C8-679DA50A4602}.Debug|Any CPU.Build.0 = Debug|Any CPU
		{0C6FB1C3-A194-410A-B8C8-679DA50A4602}.Release|Any CPU.ActiveCfg = Release|Any CPU
		{0C6FB1C3-A194-410A-B8C8-679DA50A4602}.Release|Any CPU.Build.0 = Release|Any CPU
	EndGlobalSection
	GlobalSection(SolutionProperties) = preSolution
		HideSolutionNode = FALSE
	EndGlobalSection
EndGlobal
